
Microsoft Visual Studio Solution File, Format Version 12.00
# Visual Studio Version 17
VisualStudioVersion = 17.12.35527.113 d17.12
MinimumVisualStudioVersion = 10.0.40219.1
Project("{FAE04EC0-301F-11D3-BF4B-00C04F79EFBC}") = "EmployeeManagements.Models", "EmployeeManagements.Models\EmployeeManagements.Models.csproj", "{2565FEDD-0E74-4BF8-896A-C0B351C8B3A0}"
EndProject
Project("{FAE04EC0-301F-11D3-BF4B-00C04F79EFBC}") = "EmployeeManagement.Web", "EmployeeManagement.Web\EmployeeManagement.Web.csproj", "{19BBEAC3-31FE-4A81-9785-600735E6888B}"
EndProject
Global
	GlobalSection(SolutionConfigurationPlatforms) = preSolution
		Debug|Any CPU = Debug|Any CPU
		Release|Any CPU = Release|Any CPU
	EndGlobalSection
	GlobalSection(ProjectConfigurationPlatforms) = postSolution
		{2565FEDD-0E74-4BF8-896A-C0B351C8B3A0}.Debug|Any CPU.ActiveCfg = Debug|Any CPU
		{2565FEDD-0E74-4BF8-896A-C0B351C8B3A0}.Debug|Any CPU.Build.0 = Debug|Any CPU
		{2565FEDD-0E74-4BF8-896A-C0B351C8B3A0}.Release|Any CPU.ActiveCfg = Release|Any CPU
		{2565FEDD-0E74-4BF8-896A-C0B351C8B3A0}.Release|Any CPU.Build.0 = Release|Any CPU
		{19BBEAC3-31FE-4A81-9785-600735E6888B}.Debug|Any CPU.ActiveCfg = Debug|Any CPU
		{19BBEAC3-31FE-4A81-9785-600735E6888B}.Debug|Any CPU.Build.0 = Debug|Any CPU
		{19BBEAC3-31FE-4A81-9785-600735E6888B}.Release|Any CPU.ActiveCfg = Release|Any CPU
		{19BBEAC3-31FE-4A81-9785-600735E6888B}.Release|Any CPU.Build.0 = Release|Any CPU
	EndGlobalSection
	GlobalSection(SolutionProperties) = preSolution
		HideSolutionNode = FALSE
	EndGlobalSection
EndGlobal
